
Microsoft Visual Studio Solution File, Format Version 12.00
# Visual Studio 15
VisualStudioVersion = 15.0.28307.329
MinimumVisualStudioVersion = 10.0.40219.1
Project("{8BC9CEB8-8B4A-11D0-8D11-00A0C91BC942}") = "톨게이트", "톨게이트\톨게이트.vcxproj", "{7464E685-FFCE-4D67-85D8-DBBA7520B85E}"
EndProject
Global
	GlobalSection(SolutionConfigurationPlatforms) = preSolution
		Debug|x64 = Debug|x64
		Debug|x86 = Debug|x86
		Release|x64 = Release|x64
		Release|x86 = Release|x86
	EndGlobalSection
	GlobalSection(ProjectConfigurationPlatforms) = postSolution
		{7464E685-FFCE-4D67-85D8-DBBA7520B85E}.Debug|x64.ActiveCfg = Debug|x64
		{7464E685-FFCE-4D67-85D8-DBBA7520B85E}.Debug|x64.Build.0 = Debug|x64
		{7464E685-FFCE-4D67-85D8-DBBA7520B85E}.Debug|x86.ActiveCfg = Debug|Win32
		{7464E685-FFCE-4D67-85D8-DBBA7520B85E}.Debug|x86.Build.0 = Debug|Win32
		{7464E685-FFCE-4D67-85D8-DBBA7520B85E}.Release|x64.ActiveCfg = Release|x64
		{7464E685-FFCE-4D67-85D8-DBBA7520B85E}.Release|x64.Build.0 = Release|x64
		{7464E685-FFCE-4D67-85D8-DBBA7520B85E}.Release|x86.ActiveCfg = Release|Win32
		{7464E685-FFCE-4D67-85D8-DBBA7520B85E}.Release|x86.Build.0 = Release|Win32
	EndGlobalSection
	GlobalSection(SolutionProperties) = preSolution
		HideSolutionNode = FALSE
	EndGlobalSection
	GlobalSection(ExtensibilityGlobals) = postSolution
		SolutionGuid = {5074551B-348D-49B1-8180-5950A11F62D6}
	EndGlobalSection
EndGlobal
