
Microsoft Visual Studio Solution File, Format Version 12.00
# Visual Studio 15
VisualStudioVersion = 15.0.28307.329
MinimumVisualStudioVersion = 10.0.40219.1
Project("{8BC9CEB8-8B4A-11D0-8D11-00A0C91BC942}") = "베네치아프로토타입", "베네치아프로토타입\베네치아프로토타입.vcxproj", "{ACE478E8-69CB-4E00-BC01-3A6F200D40F9}"
EndProject
Global
	GlobalSection(SolutionConfigurationPlatforms) = preSolution
		Debug|x64 = Debug|x64
		Debug|x86 = Debug|x86
		Release|x64 = Release|x64
		Release|x86 = Release|x86
	EndGlobalSection
	GlobalSection(ProjectConfigurationPlatforms) = postSolution
		{ACE478E8-69CB-4E00-BC01-3A6F200D40F9}.Debug|x64.ActiveCfg = Debug|x64
		{ACE478E8-69CB-4E00-BC01-3A6F200D40F9}.Debug|x64.Build.0 = Debug|x64
		{ACE478E8-69CB-4E00-BC01-3A6F200D40F9}.Debug|x86.ActiveCfg = Debug|Win32
		{ACE478E8-69CB-4E00-BC01-3A6F200D40F9}.Debug|x86.Build.0 = Debug|Win32
		{ACE478E8-69CB-4E00-BC01-3A6F200D40F9}.Release|x64.ActiveCfg = Release|x64
		{ACE478E8-69CB-4E00-BC01-3A6F200D40F9}.Release|x64.Build.0 = Release|x64
		{ACE478E8-69CB-4E00-BC01-3A6F200D40F9}.Release|x86.ActiveCfg = Release|Win32
		{ACE478E8-69CB-4E00-BC01-3A6F200D40F9}.Release|x86.Build.0 = Release|Win32
	EndGlobalSection
	GlobalSection(SolutionProperties) = preSolution
		HideSolutionNode = FALSE
	EndGlobalSection
	GlobalSection(ExtensibilityGlobals) = postSolution
		SolutionGuid = {8A212753-A2BA-463E-A9BB-5B0C8C30104A}
	EndGlobalSection
EndGlobal
